
Microsoft Visual Studio Solution File, Format Version 12.00
# Visual Studio Version 17
VisualStudioVersion = 17.11.35303.130
MinimumVisualStudioVersion = 10.0.40219.1
Project("{9A19103F-16F7-4668-BE54-9A1E7A4F7556}") = "ProductsCartWeb", "ProductsCartWeb\ProductsCartWeb.csproj", "{2FA7E4D1-97F7-433B-A36D-2D6B663758D1}"
EndProject
Project("{9A19103F-16F7-4668-BE54-9A1E7A4F7556}") = "Data", "Data\Data.csproj", "{3F03D5F8-F73D-4069-8406-E8E4949E6278}"
EndProject
Global
	GlobalSection(SolutionConfigurationPlatforms) = preSolution
		Debug|Any CPU = Debug|Any CPU
		Release|Any CPU = Release|Any CPU
	EndGlobalSection
	GlobalSection(ProjectConfigurationPlatforms) = postSolution
		{2FA7E4D1-97F7-433B-A36D-2D6B663758D1}.Debug|Any CPU.ActiveCfg = Debug|Any CPU
		{2FA7E4D1-97F7-433B-A36D-2D6B663758D1}.Debug|Any CPU.Build.0 = Debug|Any CPU
		{2FA7E4D1-97F7-433B-A36D-2D6B663758D1}.Release|Any CPU.ActiveCfg = Release|Any CPU
		{2FA7E4D1-97F7-433B-A36D-2D6B663758D1}.Release|Any CPU.Build.0 = Release|Any CPU
		{3F03D5F8-F73D-4069-8406-E8E4949E6278}.Debug|Any CPU.ActiveCfg = Debug|Any CPU
		{3F03D5F8-F73D-4069-8406-E8E4949E6278}.Debug|Any CPU.Build.0 = Debug|Any CPU
		{3F03D5F8-F73D-4069-8406-E8E4949E6278}.Release|Any CPU.ActiveCfg = Release|Any CPU
		{3F03D5F8-F73D-4069-8406-E8E4949E6278}.Release|Any CPU.Build.0 = Release|Any CPU
	EndGlobalSection
	GlobalSection(SolutionProperties) = preSolution
		HideSolutionNode = FALSE
	EndGlobalSection
	GlobalSection(ExtensibilityGlobals) = postSolution
		SolutionGuid = {A75D8FCB-7709-4DC4-AE46-B1BE8AF2AB97}
	EndGlobalSection
EndGlobal
